{
    "_meta": {
        "hash": {
            "sha256": "a9bd41c3b92c4b192b8d5d4e5597204845975afaff704c4e249f0f1665a42838"
        },
        "pipfile-spec": 6,
        "requires": {
            "python_version": "3.7"
        },
        "sources": [
            {
                "name": "pypi",
                "url": "https://pypi.org/simple",
                "verify_ssl": true
            }
        ]
    },
    "default": {
        "fhir.resources": {
            "hashes": [
                "sha256:1863c9d124551db3666d79cabbb39ee16205ad22f1008e0bfc50b9a481639bb6",
                "sha256:8db64438325f238ae3abf43793ee10339e7107724b392441bdae3d963d82d0d5"
            ],
            "index": "pypi",
            "version": "==5.1.1"
        },
        "isodate": {
            "hashes": [
                "sha256:2e364a3d5759479cdb2d37cce6b9376ea504db2ff90252a2e5b7cc89cc9ff2d8",
                "sha256:aa4d33c06640f5352aca96e4b81afd8ab3b47337cc12089822d6f322ac772c81"
            ],
            "version": "==0.6.0"
        },
        "six": {
            "hashes": [
                "sha256:30639c035cdb23534cd4aa2dd52c3bf48f06e5f4a941509c8bafd8ce11080259",
                "sha256:8b74bedcbbbaca38ff6d7491d76f2b06b3592611af620f8426e82dddb04a5ced"
            ],
            "markers": "python_version >= '2.7' and python_version not in '3.0, 3.1, 3.2'",
            "version": "==1.15.0"
        }
    },
    "develop": {}
}
